// !$*UTF8*$!
{
	archiveVersion = 1;
	classes = {
	};
	objectVersion = 56;
	objects = {

/* Begin PBXBuildFile section */
		B11313BB29DAE79E00584FD0 /* GamesSwiftUIApp.swift in Sources */ = {isa = PBXBuildFile; fileRef = B11313BA29DAE79E00584FD0 /* GamesSwiftUIApp.swift */; };
		B11313BF29DAE79F00584FD0 /* Assets.xcassets in Resources */ = {isa = PBXBuildFile; fileRef = B11313BE29DAE79F00584FD0 /* Assets.xcassets */; };
		B11313C229DAE79F00584FD0 /* Preview Assets.xcassets in Resources */ = {isa = PBXBuildFile; fileRef = B11313C129DAE79F00584FD0 /* Preview Assets.xcassets */; };
		B11313CC29DAE7DC00584FD0 /* HomeView.swift in Sources */ = {isa = PBXBuildFile; fileRef = B11313CB29DAE7DC00584FD0 /* HomeView.swift */; };
		B11313D129DAE81900584FD0 /* HomeViewModel.swift in Sources */ = {isa = PBXBuildFile; fileRef = B11313D029DAE81900584FD0 /* HomeViewModel.swift */; };
		B11313D429DAE84000584FD0 /* GamesAPI.swift in Sources */ = {isa = PBXBuildFile; fileRef = B11313D329DAE84000584FD0 /* GamesAPI.swift */; };
		B11313D629DAE8B600584FD0 /* GameEndpoints.swift in Sources */ = {isa = PBXBuildFile; fileRef = B11313D529DAE8B600584FD0 /* GameEndpoints.swift */; };
		B11313DA29DAE8E500584FD0 /* EndpointsProtocol.swift in Sources */ = {isa = PBXBuildFile; fileRef = B11313D929DAE8E500584FD0 /* EndpointsProtocol.swift */; };
		B11313DC29DAEB7900584FD0 /* GameListResponse.swift in Sources */ = {isa = PBXBuildFile; fileRef = B11313DB29DAEB7900584FD0 /* GameListResponse.swift */; };
		B11313E229DAF07D00584FD0 /* NetworkError.swift in Sources */ = {isa = PBXBuildFile; fileRef = B11313E129DAF07D00584FD0 /* NetworkError.swift */; };
		B11313E529DAF11F00584FD0 /* NetworkManager.swift in Sources */ = {isa = PBXBuildFile; fileRef = B11313E429DAF11F00584FD0 /* NetworkManager.swift */; };
		B11313E829DB02C300584FD0 /* GameCellView.swift in Sources */ = {isa = PBXBuildFile; fileRef = B11313E729DB02C300584FD0 /* GameCellView.swift */; };
		B11502B929DB2106001A01A3 /* ViewState.swift in Sources */ = {isa = PBXBuildFile; fileRef = B11502B829DB2106001A01A3 /* ViewState.swift */; };
		B11502BC29DB2946001A01A3 /* Localizable.strings in Resources */ = {isa = PBXBuildFile; fileRef = B11502BE29DB2946001A01A3 /* Localizable.strings */; };
		B166EC3E29DC6CFF006EC0D4 /* FavCellView.swift in Sources */ = {isa = PBXBuildFile; fileRef = B166EC3D29DC6CFF006EC0D4 /* FavCellView.swift */; };
		B1D6544029DC18B000157231 /* DetailView.swift in Sources */ = {isa = PBXBuildFile; fileRef = B1D6543F29DC18B000157231 /* DetailView.swift */; };
		B1D6544229DC18BA00157231 /* DetailViewModel.swift in Sources */ = {isa = PBXBuildFile; fileRef = B1D6544129DC18BA00157231 /* DetailViewModel.swift */; };
		B1D6544429DC27C500157231 /* GameDetailResponse.swift in Sources */ = {isa = PBXBuildFile; fileRef = B1D6544329DC27C500157231 /* GameDetailResponse.swift */; };
		B1D6544629DC325000157231 /* FavoriteView.swift in Sources */ = {isa = PBXBuildFile; fileRef = B1D6544529DC325000157231 /* FavoriteView.swift */; };
		B1D6544829DC325B00157231 /* FavoriteViewModel.swift in Sources */ = {isa = PBXBuildFile; fileRef = B1D6544729DC325B00157231 /* FavoriteViewModel.swift */; };
		B1D6544B29DC32E500157231 /* TabBarView.swift in Sources */ = {isa = PBXBuildFile; fileRef = B1D6544A29DC32E500157231 /* TabBarView.swift */; };
		B1D6544D29DC4CC000157231 /* CoreDataManager.swift in Sources */ = {isa = PBXBuildFile; fileRef = B1D6544C29DC4CC000157231 /* CoreDataManager.swift */; };
		B1D6545129DC4CFA00157231 /* Favorite.xcdatamodeld in Sources */ = {isa = PBXBuildFile; fileRef = B1D6544F29DC4CFA00157231 /* Favorite.xcdatamodeld */; };
/* End PBXBuildFile section */

/* Begin PBXFileReference section */
		B11313B729DAE79E00584FD0 /* GamesSwiftUI.app */ = {isa = PBXFileReference; explicitFileType = wrapper.application; includeInIndex = 0; path = GamesSwiftUI.app; sourceTree = BUILT_PRODUCTS_DIR; };
		B11313BA29DAE79E00584FD0 /* GamesSwiftUIApp.swift */ = {isa = PBXFileReference; lastKnownFileType = sourcecode.swift; path = GamesSwiftUIApp.swift; sourceTree = "<group>"; };
		B11313BE29DAE79F00584FD0 /* Assets.xcassets */ = {isa = PBXFileReference; lastKnownFileType = folder.assetcatalog; path = Assets.xcassets; sourceTree = "<group>"; };
		B11313C129DAE79F00584FD0 /* Preview Assets.xcassets */ = {isa = PBXFileReference; lastKnownFileType = folder.assetcatalog; path = "Preview Assets.xcassets"; sourceTree = "<group>"; };
		B11313CB29DAE7DC00584FD0 /* HomeView.swift */ = {isa = PBXFileReference; lastKnownFileType = sourcecode.swift; path = HomeView.swift; sourceTree = "<group>"; };
		B11313D029DAE81900584FD0 /* HomeViewModel.swift */ = {isa = PBXFileReference; lastKnownFileType = sourcecode.swift; path = HomeViewModel.swift; sourceTree = "<group>"; };
		B11313D329DAE84000584FD0 /* GamesAPI.swift */ = {isa = PBXFileReference; lastKnownFileType = sourcecode.swift; path = GamesAPI.swift; sourceTree = "<group>"; };
		B11313D529DAE8B600584FD0 /* GameEndpoints.swift */ = {isa = PBXFileReference; lastKnownFileType = sourcecode.swift; path = GameEndpoints.swift; sourceTree = "<group>"; };
		B11313D929DAE8E500584FD0 /* EndpointsProtocol.swift */ = {isa = PBXFileReference; lastKnownFileType = sourcecode.swift; path = EndpointsProtocol.swift; sourceTree = "<group>"; };
		B11313DB29DAEB7900584FD0 /* GameListResponse.swift */ = {isa = PBXFileReference; lastKnownFileType = sourcecode.swift; path = GameListResponse.swift; sourceTree = "<group>"; };
		B11313E129DAF07D00584FD0 /* NetworkError.swift */ = {isa = PBXFileReference; lastKnownFileType = sourcecode.swift; path = NetworkError.swift; sourceTree = "<group>"; };
		B11313E429DAF11F00584FD0 /* NetworkManager.swift */ = {isa = PBXFileReference; lastKnownFileType = sourcecode.swift; path = NetworkManager.swift; sourceTree = "<group>"; };
		B11313E729DB02C300584FD0 /* GameCellView.swift */ = {isa = PBXFileReference; lastKnownFileType = sourcecode.swift; path = GameCellView.swift; sourceTree = "<group>"; };
		B11502B829DB2106001A01A3 /* ViewState.swift */ = {isa = PBXFileReference; lastKnownFileType = sourcecode.swift; path = ViewState.swift; sourceTree = "<group>"; };
		B11502BD29DB2946001A01A3 /* en */ = {isa = PBXFileReference; lastKnownFileType = text.plist.strings; name = en; path = en.lproj/Localizable.strings; sourceTree = "<group>"; };
		B166EC3D29DC6CFF006EC0D4 /* FavCellView.swift */ = {isa = PBXFileReference; lastKnownFileType = sourcecode.swift; path = FavCellView.swift; sourceTree = "<group>"; };
		B1D6543F29DC18B000157231 /* DetailView.swift */ = {isa = PBXFileReference; lastKnownFileType = sourcecode.swift; path = DetailView.swift; sourceTree = "<group>"; };
		B1D6544129DC18BA00157231 /* DetailViewModel.swift */ = {isa = PBXFileReference; lastKnownFileType = sourcecode.swift; path = DetailViewModel.swift; sourceTree = "<group>"; };
		B1D6544329DC27C500157231 /* GameDetailResponse.swift */ = {isa = PBXFileReference; lastKnownFileType = sourcecode.swift; path = GameDetailResponse.swift; sourceTree = "<group>"; };
		B1D6544529DC325000157231 /* FavoriteView.swift */ = {isa = PBXFileReference; lastKnownFileType = sourcecode.swift; path = FavoriteView.swift; sourceTree = "<group>"; };
		B1D6544729DC325B00157231 /* FavoriteViewModel.swift */ = {isa = PBXFileReference; lastKnownFileType = sourcecode.swift; path = FavoriteViewModel.swift; sourceTree = "<group>"; };
		B1D6544A29DC32E500157231 /* TabBarView.swift */ = {isa = PBXFileReference; lastKnownFileType = sourcecode.swift; path = TabBarView.swift; sourceTree = "<group>"; };
		B1D6544C29DC4CC000157231 /* CoreDataManager.swift */ = {isa = PBXFileReference; lastKnownFileType = sourcecode.swift; path = CoreDataManager.swift; sourceTree = "<group>"; };
		B1D6545029DC4CFA00157231 /* Favorite.xcdatamodel */ = {isa = PBXFileReference; lastKnownFileType = wrapper.xcdatamodel; path = Favorite.xcdatamodel; sourceTree = "<group>"; };
/* End PBXFileReference section */

/* Begin PBXFrameworksBuildPhase section */
		B11313B429DAE79E00584FD0 /* Frameworks */ = {
			isa = PBXFrameworksBuildPhase;
			buildActionMask = 2147483647;
			files = (
			);
			runOnlyForDeploymentPostprocessing = 0;
		};
/* End PBXFrameworksBuildPhase section */

/* Begin PBXGroup section */
		B11313AE29DAE79E00584FD0 = {
			isa = PBXGroup;
			children = (
				B11313B929DAE79E00584FD0 /* GamesSwiftUI */,
				B11313B829DAE79E00584FD0 /* Products */,
			);
			sourceTree = "<group>";
		};
		B11313B829DAE79E00584FD0 /* Products */ = {
			isa = PBXGroup;
			children = (
				B11313B729DAE79E00584FD0 /* GamesSwiftUI.app */,
			);
			name = Products;
			sourceTree = "<group>";
		};
		B11313B929DAE79E00584FD0 /* GamesSwiftUI */ = {
			isa = PBXGroup;
			children = (
				B11313C829DAE7A900584FD0 /* App */,
				B11313CA29DAE7B600584FD0 /* Resources */,
				B11313D729DAE8CF00584FD0 /* Utilities */,
				B1D6544E29DC4CE300157231 /* Models */,
				B11313E329DAF10C00584FD0 /* Managers */,
				B11313D229DAE81F00584FD0 /* Network */,
				B11313E629DB025F00584FD0 /* CustomViews */,
				B11313C929DAE7AF00584FD0 /* Scenes */,
				B11313C029DAE79F00584FD0 /* Preview Content */,
			);
			path = GamesSwiftUI;
			sourceTree = "<group>";
		};
		B11313C029DAE79F00584FD0 /* Preview Content */ = {
			isa = PBXGroup;
			children = (
				B11313C129DAE79F00584FD0 /* Preview Assets.xcassets */,
			);
			path = "Preview Content";
			sourceTree = "<group>";
		};
		B11313C829DAE7A900584FD0 /* App */ = {
			isa = PBXGroup;
			children = (
				B11313BA29DAE79E00584FD0 /* GamesSwiftUIApp.swift */,
			);
			path = App;
			sourceTree = "<group>";
		};
		B11313C929DAE7AF00584FD0 /* Scenes */ = {
			isa = PBXGroup;
			children = (
				B1D6544929DC32DA00157231 /* TabBar */,
				B11313CD29DAE80000584FD0 /* Home */,
				B11313CF29DAE80800584FD0 /* Detail */,
				B11313CE29DAE80300584FD0 /* Favorites */,
			);
			path = Scenes;
			sourceTree = "<group>";
		};
		B11313CA29DAE7B600584FD0 /* Resources */ = {
			isa = PBXGroup;
			children = (
				B11313BE29DAE79F00584FD0 /* Assets.xcassets */,
				B11502BE29DB2946001A01A3 /* Localizable.strings */,
			);
			path = Resources;
			sourceTree = "<group>";
		};
		B11313CD29DAE80000584FD0 /* Home */ = {
			isa = PBXGroup;
			children = (
				B11313CB29DAE7DC00584FD0 /* HomeView.swift */,
				B11313D029DAE81900584FD0 /* HomeViewModel.swift */,
			);
			path = Home;
			sourceTree = "<group>";
		};
		B11313CE29DAE80300584FD0 /* Favorites */ = {
			isa = PBXGroup;
			children = (
				B1D6544529DC325000157231 /* FavoriteView.swift */,
				B1D6544729DC325B00157231 /* FavoriteViewModel.swift */,
			);
			path = Favorites;
			sourceTree = "<group>";
		};
		B11313CF29DAE80800584FD0 /* Detail */ = {
			isa = PBXGroup;
			children = (
				B1D6543F29DC18B000157231 /* DetailView.swift */,
				B1D6544129DC18BA00157231 /* DetailViewModel.swift */,
			);
			path = Detail;
			sourceTree = "<group>";
		};
		B11313D229DAE81F00584FD0 /* Network */ = {
			isa = PBXGroup;
			children = (
				B11313DE29DAF05400584FD0 /* APIs */,
				B11313DD29DAF04E00584FD0 /* Endpoints */,
				B11313E029DAF06400584FD0 /* ErrorModel */,
				B11313DF29DAF05B00584FD0 /* ResponseModels */,
			);
			path = Network;
			sourceTree = "<group>";
		};
		B11313D729DAE8CF00584FD0 /* Utilities */ = {
			isa = PBXGroup;
			children = (
				B11502B729DB20F8001A01A3 /* Enums */,
				B11313D829DAE8D600584FD0 /* Protocols */,
			);
			path = Utilities;
			sourceTree = "<group>";
		};
		B11313D829DAE8D600584FD0 /* Protocols */ = {
			isa = PBXGroup;
			children = (
				B11313D929DAE8E500584FD0 /* EndpointsProtocol.swift */,
			);
			path = Protocols;
			sourceTree = "<group>";
		};
		B11313DD29DAF04E00584FD0 /* Endpoints */ = {
			isa = PBXGroup;
			children = (
				B11313D529DAE8B600584FD0 /* GameEndpoints.swift */,
			);
			path = Endpoints;
			sourceTree = "<group>";
		};
		B11313DE29DAF05400584FD0 /* APIs */ = {
			isa = PBXGroup;
			children = (
				B11313D329DAE84000584FD0 /* GamesAPI.swift */,
			);
			path = APIs;
			sourceTree = "<group>";
		};
		B11313DF29DAF05B00584FD0 /* ResponseModels */ = {
			isa = PBXGroup;
			children = (
				B11313DB29DAEB7900584FD0 /* GameListResponse.swift */,
				B1D6544329DC27C500157231 /* GameDetailResponse.swift */,
			);
			path = ResponseModels;
			sourceTree = "<group>";
		};
		B11313E029DAF06400584FD0 /* ErrorModel */ = {
			isa = PBXGroup;
			children = (
				B11313E129DAF07D00584FD0 /* NetworkError.swift */,
			);
			path = ErrorModel;
			sourceTree = "<group>";
		};
		B11313E329DAF10C00584FD0 /* Managers */ = {
			isa = PBXGroup;
			children = (
				B11313E429DAF11F00584FD0 /* NetworkManager.swift */,
				B1D6544C29DC4CC000157231 /* CoreDataManager.swift */,
			);
			path = Managers;
			sourceTree = "<group>";
		};
		B11313E629DB025F00584FD0 /* CustomViews */ = {
			isa = PBXGroup;
			children = (
				B11313E729DB02C300584FD0 /* GameCellView.swift */,
				B166EC3D29DC6CFF006EC0D4 /* FavCellView.swift */,
			);
			path = CustomViews;
			sourceTree = "<group>";
		};
		B11502B729DB20F8001A01A3 /* Enums */ = {
			isa = PBXGroup;
			children = (
				B11502B829DB2106001A01A3 /* ViewState.swift */,
			);
			path = Enums;
			sourceTree = "<group>";
		};
		B1D6544929DC32DA00157231 /* TabBar */ = {
			isa = PBXGroup;
			children = (
				B1D6544A29DC32E500157231 /* TabBarView.swift */,
			);
			path = TabBar;
			sourceTree = "<group>";
		};
		B1D6544E29DC4CE300157231 /* Models */ = {
			isa = PBXGroup;
			children = (
				B1D6544F29DC4CFA00157231 /* Favorite.xcdatamodeld */,
			);
			path = Models;
			sourceTree = "<group>";
		};
/* End PBXGroup section */

/* Begin PBXNativeTarget section */
		B11313B629DAE79E00584FD0 /* GamesSwiftUI */ = {
			isa = PBXNativeTarget;
			buildConfigurationList = B11313C529DAE79F00584FD0 /* Build configuration list for PBXNativeTarget "GamesSwiftUI" */;
			buildPhases = (
				B11313B329DAE79E00584FD0 /* Sources */,
				B11313B429DAE79E00584FD0 /* Frameworks */,
				B11313B529DAE79E00584FD0 /* Resources */,
			);
			buildRules = (
			);
			dependencies = (
			);
			name = GamesSwiftUI;
			productName = GamesSwiftUI;
			productReference = B11313B729DAE79E00584FD0 /* GamesSwiftUI.app */;
			productType = "com.apple.product-type.application";
		};
/* End PBXNativeTarget section */

/* Begin PBXProject section */
		B11313AF29DAE79E00584FD0 /* Project object */ = {
			isa = PBXProject;
			attributes = {
				BuildIndependentTargetsInParallel = 1;
				LastSwiftUpdateCheck = 1430;
				LastUpgradeCheck = 1430;
				TargetAttributes = {
					B11313B629DAE79E00584FD0 = {
						CreatedOnToolsVersion = 14.3;
					};
				};
			};
			buildConfigurationList = B11313B229DAE79E00584FD0 /* Build configuration list for PBXProject "GamesSwiftUI" */;
			compatibilityVersion = "Xcode 14.0";
			developmentRegion = en;
			hasScannedForEncodings = 0;
			knownRegions = (
				en,
				Base,
			);
			mainGroup = B11313AE29DAE79E00584FD0;
			productRefGroup = B11313B829DAE79E00584FD0 /* Products */;
			projectDirPath = "";
			projectRoot = "";
			targets = (
				B11313B629DAE79E00584FD0 /* GamesSwiftUI */,
			);
		};
/* End PBXProject section */

/* Begin PBXResourcesBuildPhase section */
		B11313B529DAE79E00584FD0 /* Resources */ = {
			isa = PBXResourcesBuildPhase;
			buildActionMask = 2147483647;
			files = (
				B11313C229DAE79F00584FD0 /* Preview Assets.xcassets in Resources */,
				B11502BC29DB2946001A01A3 /* Localizable.strings in Resources */,
				B11313BF29DAE79F00584FD0 /* Assets.xcassets in Resources */,
			);
			runOnlyForDeploymentPostprocessing = 0;
		};
/* End PBXResourcesBuildPhase section */

/* Begin PBXSourcesBuildPhase section */
		B11313B329DAE79E00584FD0 /* Sources */ = {
			isa = PBXSourcesBuildPhase;
			buildActionMask = 2147483647;
			files = (
				B1D6544B29DC32E500157231 /* TabBarView.swift in Sources */,
				B11313E529DAF11F00584FD0 /* NetworkManager.swift in Sources */,
				B1D6544029DC18B000157231 /* DetailView.swift in Sources */,
				B11502B929DB2106001A01A3 /* ViewState.swift in Sources */,
				B11313DA29DAE8E500584FD0 /* EndpointsProtocol.swift in Sources */,
				B11313E229DAF07D00584FD0 /* NetworkError.swift in Sources */,
				B1D6544D29DC4CC000157231 /* CoreDataManager.swift in Sources */,
				B1D6544429DC27C500157231 /* GameDetailResponse.swift in Sources */,
				B11313D429DAE84000584FD0 /* GamesAPI.swift in Sources */,
				B1D6545129DC4CFA00157231 /* Favorite.xcdatamodeld in Sources */,
				B11313E829DB02C300584FD0 /* GameCellView.swift in Sources */,
				B11313BB29DAE79E00584FD0 /* GamesSwiftUIApp.swift in Sources */,
				B11313D629DAE8B600584FD0 /* GameEndpoints.swift in Sources */,
				B1D6544229DC18BA00157231 /* DetailViewModel.swift in Sources */,
				B11313D129DAE81900584FD0 /* HomeViewModel.swift in Sources */,
				B11313CC29DAE7DC00584FD0 /* HomeView.swift in Sources */,
				B166EC3E29DC6CFF006EC0D4 /* FavCellView.swift in Sources */,
				B1D6544629DC325000157231 /* FavoriteView.swift in Sources */,
				B1D6544829DC325B00157231 /* FavoriteViewModel.swift in Sources */,
				B11313DC29DAEB7900584FD0 /* GameListResponse.swift in Sources */,
			);
			runOnlyForDeploymentPostprocessing = 0;
		};
/* End PBXSourcesBuildPhase section */

/* Begin PBXVariantGroup section */
		B11502BE29DB2946001A01A3 /* Localizable.strings */ = {
			isa = PBXVariantGroup;
			children = (
				B11502BD29DB2946001A01A3 /* en */,
			);
			name = Localizable.strings;
			sourceTree = "<group>";
		};
/* End PBXVariantGroup section */

/* Begin XCBuildConfiguration section */
		B11313C329DAE79F00584FD0 /* Debug */ = {
			isa = XCBuildConfiguration;
			buildSettings = {
				ALWAYS_SEARCH_USER_PATHS = NO;
				CLANG_ANALYZER_NONNULL = YES;
				CLANG_ANALYZER_NUMBER_OBJECT_CONVERSION = YES_AGGRESSIVE;
				CLANG_CXX_LANGUAGE_STANDARD = "gnu++20";
				CLANG_ENABLE_MODULES = YES;
				CLANG_ENABLE_OBJC_ARC = YES;
				CLANG_ENABLE_OBJC_WEAK = YES;
				CLANG_WARN_BLOCK_CAPTURE_AUTORELEASING = YES;
				CLANG_WARN_BOOL_CONVERSION = YES;
				CLANG_WARN_COMMA = YES;
				CLANG_WARN_CONSTANT_CONVERSION = YES;
				CLANG_WARN_DEPRECATED_OBJC_IMPLEMENTATIONS = YES;
				CLANG_WARN_DIRECT_OBJC_ISA_USAGE = YES_ERROR;
				CLANG_WARN_DOCUMENTATION_COMMENTS = YES;
				CLANG_WARN_EMPTY_BODY = YES;
				CLANG_WARN_ENUM_CONVERSION = YES;
				CLANG_WARN_INFINITE_RECURSION = YES;
				CLANG_WARN_INT_CONVERSION = YES;
				CLANG_WARN_NON_LITERAL_NULL_CONVERSION = YES;
				CLANG_WARN_OBJC_IMPLICIT_RETAIN_SELF = YES;
				CLANG_WARN_OBJC_LITERAL_CONVERSION = YES;
				CLANG_WARN_OBJC_ROOT_CLASS = YES_ERROR;
				CLANG_WARN_QUOTED_INCLUDE_IN_FRAMEWORK_HEADER = YES;
				CLANG_WARN_RANGE_LOOP_ANALYSIS = YES;
				CLANG_WARN_STRICT_PROTOTYPES = YES;
				CLANG_WARN_SUSPICIOUS_MOVE = YES;
				CLANG_WARN_UNGUARDED_AVAILABILITY = YES_AGGRESSIVE;
				CLANG_WARN_UNREACHABLE_CODE = YES;
				CLANG_WARN__DUPLICATE_METHOD_MATCH = YES;
				COPY_PHASE_STRIP = NO;
				DEBUG_INFORMATION_FORMAT = dwarf;
				ENABLE_STRICT_OBJC_MSGSEND = YES;
				ENABLE_TESTABILITY = YES;
				GCC_C_LANGUAGE_STANDARD = gnu11;
				GCC_DYNAMIC_NO_PIC = NO;
				GCC_NO_COMMON_BLOCKS = YES;
				GCC_OPTIMIZATION_LEVEL = 0;
				GCC_PREPROCESSOR_DEFINITIONS = (
					"DEBUG=1",
					"$(inherited)",
				);
				GCC_WARN_64_TO_32_BIT_CONVERSION = YES;
				GCC_WARN_ABOUT_RETURN_TYPE = YES_ERROR;
				GCC_WARN_UNDECLARED_SELECTOR = YES;
				GCC_WARN_UNINITIALIZED_AUTOS = YES_AGGRESSIVE;
				GCC_WARN_UNUSED_FUNCTION = YES;
				GCC_WARN_UNUSED_VARIABLE = YES;
				IPHONEOS_DEPLOYMENT_TARGET = 16.4;
				MTL_ENABLE_DEBUG_INFO = INCLUDE_SOURCE;
				MTL_FAST_MATH = YES;
				ONLY_ACTIVE_ARCH = YES;
				SDKROOT = iphoneos;
				SWIFT_ACTIVE_COMPILATION_CONDITIONS = DEBUG;
				SWIFT_OPTIMIZATION_LEVEL = "-Onone";
			};
			name = Debug;
		};
		B11313C429DAE79F00584FD0 /* Release */ = {
			isa = XCBuildConfiguration;
			buildSettings = {
				ALWAYS_SEARCH_USER_PATHS = NO;
				CLANG_ANALYZER_NONNULL = YES;
				CLANG_ANALYZER_NUMBER_OBJECT_CONVERSION = YES_AGGRESSIVE;
				CLANG_CXX_LANGUAGE_STANDARD = "gnu++20";
				CLANG_ENABLE_MODULES = YES;
				CLANG_ENABLE_OBJC_ARC = YES;
				CLANG_ENABLE_OBJC_WEAK = YES;
				CLANG_WARN_BLOCK_CAPTURE_AUTORELEASING = YES;
				CLANG_WARN_BOOL_CONVERSION = YES;
				CLANG_WARN_COMMA = YES;
				CLANG_WARN_CONSTANT_CONVERSION = YES;
				CLANG_WARN_DEPRECATED_OBJC_IMPLEMENTATIONS = YES;
				CLANG_WARN_DIRECT_OBJC_ISA_USAGE = YES_ERROR;
				CLANG_WARN_DOCUMENTATION_COMMENTS = YES;
				CLANG_WARN_EMPTY_BODY = YES;
				CLANG_WARN_ENUM_CONVERSION = YES;
				CLANG_WARN_INFINITE_RECURSION = YES;
				CLANG_WARN_INT_CONVERSION = YES;
				CLANG_WARN_NON_LITERAL_NULL_CONVERSION = YES;
				CLANG_WARN_OBJC_IMPLICIT_RETAIN_SELF = YES;
				CLANG_WARN_OBJC_LITERAL_CONVERSION = YES;
				CLANG_WARN_OBJC_ROOT_CLASS = YES_ERROR;
				CLANG_WARN_QUOTED_INCLUDE_IN_FRAMEWORK_HEADER = YES;
				CLANG_WARN_RANGE_LOOP_ANALYSIS = YES;
				CLANG_WARN_STRICT_PROTOTYPES = YES;
				CLANG_WARN_SUSPICIOUS_MOVE = YES;
				CLANG_WARN_UNGUARDED_AVAILABILITY = YES_AGGRESSIVE;
				CLANG_WARN_UNREACHABLE_CODE = YES;
				CLANG_WARN__DUPLICATE_METHOD_MATCH = YES;
				COPY_PHASE_STRIP = NO;
				DEBUG_INFORMATION_FORMAT = "dwarf-with-dsym";
				ENABLE_NS_ASSERTIONS = NO;
				ENABLE_STRICT_OBJC_MSGSEND = YES;
				GCC_C_LANGUAGE_STANDARD = gnu11;
				GCC_NO_COMMON_BLOCKS = YES;
				GCC_WARN_64_TO_32_BIT_CONVERSION = YES;
				GCC_WARN_ABOUT_RETURN_TYPE = YES_ERROR;
				GCC_WARN_UNDECLARED_SELECTOR = YES;
				GCC_WARN_UNINITIALIZED_AUTOS = YES_AGGRESSIVE;
				GCC_WARN_UNUSED_FUNCTION = YES;
				GCC_WARN_UNUSED_VARIABLE = YES;
				IPHONEOS_DEPLOYMENT_TARGET = 16.4;
				MTL_ENABLE_DEBUG_INFO = NO;
				MTL_FAST_MATH = YES;
				SDKROOT = iphoneos;
				SWIFT_COMPILATION_MODE = wholemodule;
				SWIFT_OPTIMIZATION_LEVEL = "-O";
				VALIDATE_PRODUCT = YES;
			};
			name = Release;
		};
		B11313C629DAE79F00584FD0 /* Debug */ = {
			isa = XCBuildConfiguration;
			buildSettings = {
				ASSETCATALOG_COMPILER_APPICON_NAME = AppIcon;
				ASSETCATALOG_COMPILER_GLOBAL_ACCENT_COLOR_NAME = AccentColor;
				CODE_SIGN_STYLE = Automatic;
				CURRENT_PROJECT_VERSION = 1;
				DEVELOPMENT_ASSET_PATHS = "\"GamesSwiftUI/Preview Content\"";
				DEVELOPMENT_TEAM = QQ4V82589Y;
				ENABLE_PREVIEWS = YES;
				GENERATE_INFOPLIST_FILE = YES;
				INFOPLIST_KEY_UIApplicationSceneManifest_Generation = YES;
				INFOPLIST_KEY_UIApplicationSupportsIndirectInputEvents = YES;
				INFOPLIST_KEY_UILaunchScreen_Generation = YES;
				INFOPLIST_KEY_UISupportedInterfaceOrientations_iPad = "UIInterfaceOrientationPortrait UIInterfaceOrientationPortraitUpsideDown UIInterfaceOrientationLandscapeLeft UIInterfaceOrientationLandscapeRight";
				INFOPLIST_KEY_UISupportedInterfaceOrientations_iPhone = "UIInterfaceOrientationPortrait UIInterfaceOrientationLandscapeLeft UIInterfaceOrientationLandscapeRight";
				IPHONEOS_DEPLOYMENT_TARGET = 16.0;
				LD_RUNPATH_SEARCH_PATHS = (
					"$(inherited)",
					"@executable_path/Frameworks",
				);
				MARKETING_VERSION = 1.0;
				PRODUCT_BUNDLE_IDENTIFIER = com.berkaysancar.GamesSwiftUI;
				PRODUCT_NAME = "$(TARGET_NAME)";
				SWIFT_EMIT_LOC_STRINGS = YES;
				SWIFT_VERSION = 5.0;
				TARGETED_DEVICE_FAMILY = "1,2";
			};
			name = Debug;
		};
		B11313C729DAE79F00584FD0 /* Release */ = {
			isa = XCBuildConfiguration;
			buildSettings = {
				ASSETCATALOG_COMPILER_APPICON_NAME = AppIcon;
				ASSETCATALOG_COMPILER_GLOBAL_ACCENT_COLOR_NAME = AccentColor;
				CODE_SIGN_STYLE = Automatic;
				CURRENT_PROJECT_VERSION = 1;
				DEVELOPMENT_ASSET_PATHS = "\"GamesSwiftUI/Preview Content\"";
				DEVELOPMENT_TEAM = QQ4V82589Y;
				ENABLE_PREVIEWS = YES;
				GENERATE_INFOPLIST_FILE = YES;
				INFOPLIST_KEY_UIApplicationSceneManifest_Generation = YES;
				INFOPLIST_KEY_UIApplicationSupportsIndirectInputEvents = YES;
				INFOPLIST_KEY_UILaunchScreen_Generation = YES;
				INFOPLIST_KEY_UISupportedInterfaceOrientations_iPad = "UIInterfaceOrientationPortrait UIInterfaceOrientationPortraitUpsideDown UIInterfaceOrientationLandscapeLeft UIInterfaceOrientationLandscapeRight";
				INFOPLIST_KEY_UISupportedInterfaceOrientations_iPhone = "UIInterfaceOrientationPortrait UIInterfaceOrientationLandscapeLeft UIInterfaceOrientationLandscapeRight";
				IPHONEOS_DEPLOYMENT_TARGET = 16.0;
				LD_RUNPATH_SEARCH_PATHS = (
					"$(inherited)",
					"@executable_path/Frameworks",
				);
				MARKETING_VERSION = 1.0;
				PRODUCT_BUNDLE_IDENTIFIER = com.berkaysancar.GamesSwiftUI;
				PRODUCT_NAME = "$(TARGET_NAME)";
				SWIFT_EMIT_LOC_STRINGS = YES;
				SWIFT_VERSION = 5.0;
				TARGETED_DEVICE_FAMILY = "1,2";
			};
			name = Release;
		};
/* End XCBuildConfiguration section */

/* Begin XCConfigurationList section */
		B11313B229DAE79E00584FD0 /* Build configuration list for PBXProject "GamesSwiftUI" */ = {
			isa = XCConfigurationList;
			buildConfigurations = (
				B11313C329DAE79F00584FD0 /* Debug */,
				B11313C429DAE79F00584FD0 /* Release */,
			);
			defaultConfigurationIsVisible = 0;
			defaultConfigurationName = Release;
		};
		B11313C529DAE79F00584FD0 /* Build configuration list for PBXNativeTarget "GamesSwiftUI" */ = {
			isa = XCConfigurationList;
			buildConfigurations = (
				B11313C629DAE79F00584FD0 /* Debug */,
				B11313C729DAE79F00584FD0 /* Release */,
			);
			defaultConfigurationIsVisible = 0;
			defaultConfigurationName = Release;
		};
/* End XCConfigurationList section */

/* Begin XCVersionGroup section */
		B1D6544F29DC4CFA00157231 /* Favorite.xcdatamodeld */ = {
			isa = XCVersionGroup;
			children = (
				B1D6545029DC4CFA00157231 /* Favorite.xcdatamodel */,
			);
			currentVersion = B1D6545029DC4CFA00157231 /* Favorite.xcdatamodel */;
			path = Favorite.xcdatamodeld;
			sourceTree = "<group>";
			versionGroupType = wrapper.xcdatamodel;
		};
/* End XCVersionGroup section */
	};
	rootObject = B11313AF29DAE79E00584FD0 /* Project object */;
}
